
Microsoft Visual Studio Solution File, Format Version 12.00
# Visual Studio 15
VisualStudioVersion = 15.0.28010.2016
MinimumVisualStudioVersion = 10.0.40219.1
Project("{2150E333-8FDC-42A3-9474-1A3956D46DE8}") = "Solution Items", "Solution Items", "{1EE43A06-F8B8-4724-AAF2-DE29D24F544A}"
EndProject
Project("{FAE04EC0-301F-11D3-BF4B-00C04F79EFBC}") = "CoreRuleEngine", "coreRuleEngine\CoreRuleEngine.csproj", "{51848F63-8022-4A09-8D67-A670BA402107}"
EndProject
Project("{FAE04EC0-301F-11D3-BF4B-00C04F79EFBC}") = "TlbImpRuleEngine", "tlbImpRuleEngine\TlbImpRuleEngine.csproj", "{CF522F3F-5A8F-45D3-A4A5-49958EB24638}"
EndProject
Project("{FAE04EC0-301F-11D3-BF4B-00C04F79EFBC}") = "TypeLibTypes.Interop", "typelibTypes.interop\TypeLibTypes.Interop.csproj", "{CFC5A366-641A-4EAD-818A-A792123E8A21}"
EndProject
Project("{FAE04EC0-301F-11D3-BF4B-00C04F79EFBC}") = "TlbDump", "TlbDump\TlbDump.csproj", "{8990814A-B114-41EF-9A13-7506393BCC3E}"
EndProject
Global
	GlobalSection(SolutionConfigurationPlatforms) = preSolution
		Debug|Any CPU = Debug|Any CPU
		Debug|x64 = Debug|x64
		Debug|x86 = Debug|x86
		Release|Any CPU = Release|Any CPU
		Release|x64 = Release|x64
		Release|x86 = Release|x86
	EndGlobalSection
	GlobalSection(ProjectConfigurationPlatforms) = postSolution
		{51848F63-8022-4A09-8D67-A670BA402107}.Debug|Any CPU.ActiveCfg = Debug|Any CPU
		{51848F63-8022-4A09-8D67-A670BA402107}.Debug|Any CPU.Build.0 = Debug|Any CPU
		{51848F63-8022-4A09-8D67-A670BA402107}.Debug|x64.ActiveCfg = Debug|x64
		{51848F63-8022-4A09-8D67-A670BA402107}.Debug|x64.Build.0 = Debug|x64
		{51848F63-8022-4A09-8D67-A670BA402107}.Debug|x86.ActiveCfg = Debug|x86
		{51848F63-8022-4A09-8D67-A670BA402107}.Debug|x86.Build.0 = Debug|x86
		{51848F63-8022-4A09-8D67-A670BA402107}.Release|Any CPU.ActiveCfg = Release|Any CPU
		{51848F63-8022-4A09-8D67-A670BA402107}.Release|Any CPU.Build.0 = Release|Any CPU
		{51848F63-8022-4A09-8D67-A670BA402107}.Release|x64.ActiveCfg = Release|x64
		{51848F63-8022-4A09-8D67-A670BA402107}.Release|x64.Build.0 = Release|x64
		{51848F63-8022-4A09-8D67-A670BA402107}.Release|x86.ActiveCfg = Release|x86
		{51848F63-8022-4A09-8D67-A670BA402107}.Release|x86.Build.0 = Release|x86
		{CF522F3F-5A8F-45D3-A4A5-49958EB24638}.Debug|Any CPU.ActiveCfg = Debug|Any CPU
		{CF522F3F-5A8F-45D3-A4A5-49958EB24638}.Debug|Any CPU.Build.0 = Debug|Any CPU
		{CF522F3F-5A8F-45D3-A4A5-49958EB24638}.Debug|x64.ActiveCfg = Debug|x64
		{CF522F3F-5A8F-45D3-A4A5-49958EB24638}.Debug|x64.Build.0 = Debug|x64
		{CF522F3F-5A8F-45D3-A4A5-49958EB24638}.Debug|x86.ActiveCfg = Debug|x86
		{CF522F3F-5A8F-45D3-A4A5-49958EB24638}.Debug|x86.Build.0 = Debug|x86
		{CF522F3F-5A8F-45D3-A4A5-49958EB24638}.Release|Any CPU.ActiveCfg = Release|Any CPU
		{CF522F3F-5A8F-45D3-A4A5-49958EB24638}.Release|Any CPU.Build.0 = Release|Any CPU
		{CF522F3F-5A8F-45D3-A4A5-49958EB24638}.Release|x64.ActiveCfg = Release|x64
		{CF522F3F-5A8F-45D3-A4A5-49958EB24638}.Release|x64.Build.0 = Release|x64
		{CF522F3F-5A8F-45D3-A4A5-49958EB24638}.Release|x86.ActiveCfg = Release|x86
		{CF522F3F-5A8F-45D3-A4A5-49958EB24638}.Release|x86.Build.0 = Release|x86
		{CFC5A366-641A-4EAD-818A-A792123E8A21}.Debug|Any CPU.ActiveCfg = Debug|Any CPU
		{CFC5A366-641A-4EAD-818A-A792123E8A21}.Debug|Any CPU.Build.0 = Debug|Any CPU
		{CFC5A366-641A-4EAD-818A-A792123E8A21}.Debug|x64.ActiveCfg = Debug|x64
		{CFC5A366-641A-4EAD-818A-A792123E8A21}.Debug|x64.Build.0 = Debug|x64
		{CFC5A366-641A-4EAD-818A-A792123E8A21}.Debug|x86.ActiveCfg = Debug|x86
		{CFC5A366-641A-4EAD-818A-A792123E8A21}.Debug|x86.Build.0 = Debug|x86
		{CFC5A366-641A-4EAD-818A-A792123E8A21}.Release|Any CPU.ActiveCfg = Release|Any CPU
		{CFC5A366-641A-4EAD-818A-A792123E8A21}.Release|Any CPU.Build.0 = Release|Any CPU
		{CFC5A366-641A-4EAD-818A-A792123E8A21}.Release|x64.ActiveCfg = Release|x64
		{CFC5A366-641A-4EAD-818A-A792123E8A21}.Release|x64.Build.0 = Release|x64
		{CFC5A366-641A-4EAD-818A-A792123E8A21}.Release|x86.ActiveCfg = Release|x86
		{CFC5A366-641A-4EAD-818A-A792123E8A21}.Release|x86.Build.0 = Release|x86
		{8990814A-B114-41EF-9A13-7506393BCC3E}.Debug|Any CPU.ActiveCfg = Debug|Any CPU
		{8990814A-B114-41EF-9A13-7506393BCC3E}.Debug|Any CPU.Build.0 = Debug|Any CPU
		{8990814A-B114-41EF-9A13-7506393BCC3E}.Debug|x64.ActiveCfg = Debug|Any CPU
		{8990814A-B114-41EF-9A13-7506393BCC3E}.Debug|x64.Build.0 = Debug|Any CPU
		{8990814A-B114-41EF-9A13-7506393BCC3E}.Debug|x86.ActiveCfg = Debug|Any CPU
		{8990814A-B114-41EF-9A13-7506393BCC3E}.Debug|x86.Build.0 = Debug|Any CPU
		{8990814A-B114-41EF-9A13-7506393BCC3E}.Release|Any CPU.ActiveCfg = Release|Any CPU
		{8990814A-B114-41EF-9A13-7506393BCC3E}.Release|Any CPU.Build.0 = Release|Any CPU
		{8990814A-B114-41EF-9A13-7506393BCC3E}.Release|x64.ActiveCfg = Release|Any CPU
		{8990814A-B114-41EF-9A13-7506393BCC3E}.Release|x64.Build.0 = Release|Any CPU
		{8990814A-B114-41EF-9A13-7506393BCC3E}.Release|x86.ActiveCfg = Release|Any CPU
		{8990814A-B114-41EF-9A13-7506393BCC3E}.Release|x86.Build.0 = Release|Any CPU
	EndGlobalSection
	GlobalSection(SolutionProperties) = preSolution
		HideSolutionNode = FALSE
	EndGlobalSection
	GlobalSection(NestedProjects) = preSolution
		{51848F63-8022-4A09-8D67-A670BA402107} = {1EE43A06-F8B8-4724-AAF2-DE29D24F544A}
		{CF522F3F-5A8F-45D3-A4A5-49958EB24638} = {1EE43A06-F8B8-4724-AAF2-DE29D24F544A}
		{CFC5A366-641A-4EAD-818A-A792123E8A21} = {1EE43A06-F8B8-4724-AAF2-DE29D24F544A}
		{8990814A-B114-41EF-9A13-7506393BCC3E} = {1EE43A06-F8B8-4724-AAF2-DE29D24F544A}
	EndGlobalSection
	GlobalSection(ExtensibilityGlobals) = postSolution
		SolutionGuid = {0431C7A9-F9E0-4B3F-B262-F06D6EB75425}
	EndGlobalSection
EndGlobal
